
Microsoft Visual Studio Solution File, Format Version 12.00
# Visual Studio Version 16
VisualStudioVersion = 16.0.29519.181
MinimumVisualStudioVersion = 10.0.40219.1
Project("{9A19103F-16F7-4668-BE54-9A1E7A4F7556}") = "EsotericRogue", "EsotericRogue\EsotericRogue.csproj", "{AF2F390D-751F-43A7-B56C-2FC98F6EE00D}"
EndProject
Project("{9A19103F-16F7-4668-BE54-9A1E7A4F7556}") = "DungeonRogue", "DungeonRogue\DungeonRogue.csproj", "{DF8B6B53-9BC2-4B3A-8B59-C2FED60ABDB4}"
EndProject
Project("{9A19103F-16F7-4668-BE54-9A1E7A4F7556}") = "EsotericRogueRenderer", "EsotericRogueRenderer\EsotericRogueRenderer.csproj", "{DAB1D8F1-BB07-42FB-B9DD-EF097C553D84}"
EndProject
Project("{9A19103F-16F7-4668-BE54-9A1E7A4F7556}") = "EsotericRogueUnits", "EsotericRogueUnits\EsotericRogueUnits.csproj", "{0C74CF56-FD62-4E56-BAC5-B266CDA1A18B}"
EndProject
Global
	GlobalSection(SolutionConfigurationPlatforms) = preSolution
		Debug|Any CPU = Debug|Any CPU
		Release|Any CPU = Release|Any CPU
	EndGlobalSection
	GlobalSection(ProjectConfigurationPlatforms) = postSolution
		{AF2F390D-751F-43A7-B56C-2FC98F6EE00D}.Debug|Any CPU.ActiveCfg = Debug|Any CPU
		{AF2F390D-751F-43A7-B56C-2FC98F6EE00D}.Debug|Any CPU.Build.0 = Debug|Any CPU
		{AF2F390D-751F-43A7-B56C-2FC98F6EE00D}.Release|Any CPU.ActiveCfg = Release|Any CPU
		{AF2F390D-751F-43A7-B56C-2FC98F6EE00D}.Release|Any CPU.Build.0 = Release|Any CPU
		{DF8B6B53-9BC2-4B3A-8B59-C2FED60ABDB4}.Debug|Any CPU.ActiveCfg = Debug|Any CPU
		{DF8B6B53-9BC2-4B3A-8B59-C2FED60ABDB4}.Debug|Any CPU.Build.0 = Debug|Any CPU
		{DF8B6B53-9BC2-4B3A-8B59-C2FED60ABDB4}.Release|Any CPU.ActiveCfg = Release|Any CPU
		{DF8B6B53-9BC2-4B3A-8B59-C2FED60ABDB4}.Release|Any CPU.Build.0 = Release|Any CPU
		{DAB1D8F1-BB07-42FB-B9DD-EF097C553D84}.Debug|Any CPU.ActiveCfg = Debug|Any CPU
		{DAB1D8F1-BB07-42FB-B9DD-EF097C553D84}.Debug|Any CPU.Build.0 = Debug|Any CPU
		{DAB1D8F1-BB07-42FB-B9DD-EF097C553D84}.Release|Any CPU.ActiveCfg = Release|Any CPU
		{DAB1D8F1-BB07-42FB-B9DD-EF097C553D84}.Release|Any CPU.Build.0 = Release|Any CPU
		{0C74CF56-FD62-4E56-BAC5-B266CDA1A18B}.Debug|Any CPU.ActiveCfg = Debug|Any CPU
		{0C74CF56-FD62-4E56-BAC5-B266CDA1A18B}.Debug|Any CPU.Build.0 = Debug|Any CPU
		{0C74CF56-FD62-4E56-BAC5-B266CDA1A18B}.Release|Any CPU.ActiveCfg = Release|Any CPU
		{0C74CF56-FD62-4E56-BAC5-B266CDA1A18B}.Release|Any CPU.Build.0 = Release|Any CPU
	EndGlobalSection
	GlobalSection(SolutionProperties) = preSolution
		HideSolutionNode = FALSE
	EndGlobalSection
	GlobalSection(ExtensibilityGlobals) = postSolution
		SolutionGuid = {F0DF4C25-D29B-4DAE-A6CC-CF852977A48D}
	EndGlobalSection
EndGlobal
